
Microsoft Visual Studio Solution File, Format Version 12.00
# Visual Studio Version 17
VisualStudioVersion = 17.10.35122.118
MinimumVisualStudioVersion = 10.0.40219.1
Project("{FAE04EC0-301F-11D3-BF4B-00C04F79EFBC}") = "CFilzenApp", "CFilzenApp.csproj", "{3368B584-A765-4D3C-BEB5-EB70A2BBF26A}"
EndProject
Global
	GlobalSection(SolutionConfigurationPlatforms) = preSolution
		Debug|Any CPU = Debug|Any CPU
		Release|Any CPU = Release|Any CPU
	EndGlobalSection
	GlobalSection(ProjectConfigurationPlatforms) = postSolution
		{3368B584-A765-4D3C-BEB5-EB70A2BBF26A}.Debug|Any CPU.ActiveCfg = Debug|Any CPU
		{3368B584-A765-4D3C-BEB5-EB70A2BBF26A}.Debug|Any CPU.Build.0 = Debug|Any CPU
		{3368B584-A765-4D3C-BEB5-EB70A2BBF26A}.Release|Any CPU.ActiveCfg = Release|Any CPU
		{3368B584-A765-4D3C-BEB5-EB70A2BBF26A}.Release|Any CPU.Build.0 = Release|Any CPU
	EndGlobalSection
	GlobalSection(SolutionProperties) = preSolution
		HideSolutionNode = FALSE
	EndGlobalSection
	GlobalSection(ExtensibilityGlobals) = postSolution
		SolutionGuid = {6010019C-9DAD-474D-B0EC-CEF21C6537BB}
	EndGlobalSection
EndGlobal
